// !$*UTF8*$!
{
	archiveVersion = 1;
	classes = {
	};
	objectVersion = 55;
	objects = {

/* Begin PBXBuildFile section */
		BFF5F78A28737770000E2D8F /* AppDelegate.swift in Sources */ = {isa = PBXBuildFile; fileRef = BFF5F78928737770000E2D8F /* AppDelegate.swift */; };
		BFF5F78C28737770000E2D8F /* SceneDelegate.swift in Sources */ = {isa = PBXBuildFile; fileRef = BFF5F78B28737770000E2D8F /* SceneDelegate.swift */; };
		BFF5F78E28737770000E2D8F /* FeaturedViewController.swift in Sources */ = {isa = PBXBuildFile; fileRef = BFF5F78D28737770000E2D8F /* FeaturedViewController.swift */; };
		BFF5F79128737770000E2D8F /* Main.storyboard in Resources */ = {isa = PBXBuildFile; fileRef = BFF5F78F28737770000E2D8F /* Main.storyboard */; };
		BFF5F79328737771000E2D8F /* Assets.xcassets in Resources */ = {isa = PBXBuildFile; fileRef = BFF5F79228737771000E2D8F /* Assets.xcassets */; };
		BFF5F79628737771000E2D8F /* LaunchScreen.storyboard in Resources */ = {isa = PBXBuildFile; fileRef = BFF5F79428737771000E2D8F /* LaunchScreen.storyboard */; };
		BFF5F7A328773166000E2D8F /* Movie.swift in Sources */ = {isa = PBXBuildFile; fileRef = BFF5F7A228773166000E2D8F /* Movie.swift */; };
		BFF5F7A5287731D2000E2D8F /* Collections.swift in Sources */ = {isa = PBXBuildFile; fileRef = BFF5F7A4287731D2000E2D8F /* Collections.swift */; };
		BFF5F7A82877325A000E2D8F /* UpcomingCell.swift in Sources */ = {isa = PBXBuildFile; fileRef = BFF5F7A72877325A000E2D8F /* UpcomingCell.swift */; };
		BFF5F7AA28773265000E2D8F /* PopularCell.swift in Sources */ = {isa = PBXBuildFile; fileRef = BFF5F7A928773265000E2D8F /* PopularCell.swift */; };
		BFF5F7AC28773271000E2D8F /* NowPlayingCell.swift in Sources */ = {isa = PBXBuildFile; fileRef = BFF5F7AB28773271000E2D8F /* NowPlayingCell.swift */; };
		BFF5F7AF287760CC000E2D8F /* Image.swift in Sources */ = {isa = PBXBuildFile; fileRef = BFF5F7AE287760CC000E2D8F /* Image.swift */; };
		BFF5F7BC287E144A000E2D8F /* FeaturedViewController+UICollectionViewDataSource.swift in Sources */ = {isa = PBXBuildFile; fileRef = BFF5F7BB287E144A000E2D8F /* FeaturedViewController+UICollectionViewDataSource.swift */; };
		BFF5F7BE287F3F01000E2D8F /* DetailsViewController.swift in Sources */ = {isa = PBXBuildFile; fileRef = BFF5F7BD287F3F01000E2D8F /* DetailsViewController.swift */; };
		BFF5F7C0287F47E5000E2D8F /* FeaturedViewController+UICollectionViewDelegate.swift in Sources */ = {isa = PBXBuildFile; fileRef = BFF5F7BF287F47E5000E2D8F /* FeaturedViewController+UICollectionViewDelegate.swift */; };
		BFF5F7C22881E78E000E2D8F /* TMDB-Info.plist in Resources */ = {isa = PBXBuildFile; fileRef = BFF5F7C12881E78E000E2D8F /* TMDB-Info.plist */; };
		BFF5F7C42881EC5E000E2D8F /* Movie+API.swift in Sources */ = {isa = PBXBuildFile; fileRef = BFF5F7C32881EC5E000E2D8F /* Movie+API.swift */; };
		BFF5F7C62881F8D6000E2D8F /* MoviesResponse.swift in Sources */ = {isa = PBXBuildFile; fileRef = BFF5F7C52881F8D6000E2D8F /* MoviesResponse.swift */; };
		BFF5F7C82884BAB0000E2D8F /* OfficialPosterViewController.swift in Sources */ = {isa = PBXBuildFile; fileRef = BFF5F7C72884BAB0000E2D8F /* OfficialPosterViewController.swift */; };
		BFF5F7CA2885A94A000E2D8F /* SeeAllViewController.swift in Sources */ = {isa = PBXBuildFile; fileRef = BFF5F7C92885A94A000E2D8F /* SeeAllViewController.swift */; };
		BFF5F7CF2885CA9D000E2D8F /* SeeAllViewController+UITableViewDelegate.swift in Sources */ = {isa = PBXBuildFile; fileRef = BFF5F7CE2885CA9D000E2D8F /* SeeAllViewController+UITableViewDelegate.swift */; };
		BFF5F7D12885CAC1000E2D8F /* SeeAllViewController+UITableViewDataSource.swift in Sources */ = {isa = PBXBuildFile; fileRef = BFF5F7D02885CAC1000E2D8F /* SeeAllViewController+UITableViewDataSource.swift */; };
		BFF5F7D32885CBE3000E2D8F /* SeeAllCell.swift in Sources */ = {isa = PBXBuildFile; fileRef = BFF5F7D22885CBE3000E2D8F /* SeeAllCell.swift */; };
		BFF5F7D82885E1FF000E2D8F /* TrendingViewController.swift in Sources */ = {isa = PBXBuildFile; fileRef = BFF5F7D72885E1FF000E2D8F /* TrendingViewController.swift */; };
		BFF5F7DA2885E4A8000E2D8F /* TrendingCell.swift in Sources */ = {isa = PBXBuildFile; fileRef = BFF5F7D92885E4A8000E2D8F /* TrendingCell.swift */; };
		BFF5F7DC2885E7EC000E2D8F /* TrendingViewController+UITableViewDelegate.swift in Sources */ = {isa = PBXBuildFile; fileRef = BFF5F7DB2885E7EC000E2D8F /* TrendingViewController+UITableViewDelegate.swift */; };
		BFF5F7DE2885E804000E2D8F /* TrendingViewController+UITableViewDataSource.swift in Sources */ = {isa = PBXBuildFile; fileRef = BFF5F7DD2885E804000E2D8F /* TrendingViewController+UITableViewDataSource.swift */; };
		BFF5F7E02885EE4C000E2D8F /* SearchCell.swift in Sources */ = {isa = PBXBuildFile; fileRef = BFF5F7DF2885EE4C000E2D8F /* SearchCell.swift */; };
		BFF5F7E32885EEF6000E2D8F /* SearchViewController.swift in Sources */ = {isa = PBXBuildFile; fileRef = BFF5F7E22885EEF6000E2D8F /* SearchViewController.swift */; };
		BFF5F7E52885F1B6000E2D8F /* SearchViewController+UITableViewDelegate.swift in Sources */ = {isa = PBXBuildFile; fileRef = BFF5F7E42885F1B6000E2D8F /* SearchViewController+UITableViewDelegate.swift */; };
		BFF5F7E72885F208000E2D8F /* SearchViewController+UITableViewDataSource.swift in Sources */ = {isa = PBXBuildFile; fileRef = BFF5F7E62885F208000E2D8F /* SearchViewController+UITableViewDataSource.swift */; };
		BFF5F7E92885FBE5000E2D8F /* SearchViewController+UISearchBarDelegate.swift in Sources */ = {isa = PBXBuildFile; fileRef = BFF5F7E82885FBE5000E2D8F /* SearchViewController+UISearchBarDelegate.swift */; };
/* End PBXBuildFile section */

/* Begin PBXFileReference section */
		BFF5F78628737770000E2D8F /* testando.app */ = {isa = PBXFileReference; explicitFileType = wrapper.application; includeInIndex = 0; path = testando.app; sourceTree = BUILT_PRODUCTS_DIR; };
		BFF5F78928737770000E2D8F /* AppDelegate.swift */ = {isa = PBXFileReference; lastKnownFileType = sourcecode.swift; path = AppDelegate.swift; sourceTree = "<group>"; };
		BFF5F78B28737770000E2D8F /* SceneDelegate.swift */ = {isa = PBXFileReference; lastKnownFileType = sourcecode.swift; path = SceneDelegate.swift; sourceTree = "<group>"; };
		BFF5F78D28737770000E2D8F /* FeaturedViewController.swift */ = {isa = PBXFileReference; lastKnownFileType = sourcecode.swift; path = FeaturedViewController.swift; sourceTree = "<group>"; };
		BFF5F79028737770000E2D8F /* Base */ = {isa = PBXFileReference; lastKnownFileType = file.storyboard; name = Base; path = Base.lproj/Main.storyboard; sourceTree = "<group>"; };
		BFF5F79228737771000E2D8F /* Assets.xcassets */ = {isa = PBXFileReference; lastKnownFileType = folder.assetcatalog; path = Assets.xcassets; sourceTree = "<group>"; };
		BFF5F79528737771000E2D8F /* Base */ = {isa = PBXFileReference; lastKnownFileType = file.storyboard; name = Base; path = Base.lproj/LaunchScreen.storyboard; sourceTree = "<group>"; };
		BFF5F79728737771000E2D8F /* Info.plist */ = {isa = PBXFileReference; lastKnownFileType = text.plist.xml; path = Info.plist; sourceTree = "<group>"; };
		BFF5F7A228773166000E2D8F /* Movie.swift */ = {isa = PBXFileReference; lastKnownFileType = sourcecode.swift; path = Movie.swift; sourceTree = "<group>"; };
		BFF5F7A4287731D2000E2D8F /* Collections.swift */ = {isa = PBXFileReference; lastKnownFileType = sourcecode.swift; path = Collections.swift; sourceTree = "<group>"; };
		BFF5F7A72877325A000E2D8F /* UpcomingCell.swift */ = {isa = PBXFileReference; lastKnownFileType = sourcecode.swift; path = UpcomingCell.swift; sourceTree = "<group>"; };
		BFF5F7A928773265000E2D8F /* PopularCell.swift */ = {isa = PBXFileReference; lastKnownFileType = sourcecode.swift; path = PopularCell.swift; sourceTree = "<group>"; };
		BFF5F7AB28773271000E2D8F /* NowPlayingCell.swift */ = {isa = PBXFileReference; lastKnownFileType = sourcecode.swift; path = NowPlayingCell.swift; sourceTree = "<group>"; };
		BFF5F7AE287760CC000E2D8F /* Image.swift */ = {isa = PBXFileReference; lastKnownFileType = sourcecode.swift; path = Image.swift; sourceTree = "<group>"; };
		BFF5F7BB287E144A000E2D8F /* FeaturedViewController+UICollectionViewDataSource.swift */ = {isa = PBXFileReference; lastKnownFileType = sourcecode.swift; path = "FeaturedViewController+UICollectionViewDataSource.swift"; sourceTree = "<group>"; };
		BFF5F7BD287F3F01000E2D8F /* DetailsViewController.swift */ = {isa = PBXFileReference; lastKnownFileType = sourcecode.swift; path = DetailsViewController.swift; sourceTree = "<group>"; };
		BFF5F7BF287F47E5000E2D8F /* FeaturedViewController+UICollectionViewDelegate.swift */ = {isa = PBXFileReference; lastKnownFileType = sourcecode.swift; path = "FeaturedViewController+UICollectionViewDelegate.swift"; sourceTree = "<group>"; };
		BFF5F7C12881E78E000E2D8F /* TMDB-Info.plist */ = {isa = PBXFileReference; lastKnownFileType = text.plist.xml; path = "TMDB-Info.plist"; sourceTree = "<group>"; };
		BFF5F7C32881EC5E000E2D8F /* Movie+API.swift */ = {isa = PBXFileReference; fileEncoding = 4; lastKnownFileType = sourcecode.swift; path = "Movie+API.swift"; sourceTree = "<group>"; };
		BFF5F7C52881F8D6000E2D8F /* MoviesResponse.swift */ = {isa = PBXFileReference; lastKnownFileType = sourcecode.swift; path = MoviesResponse.swift; sourceTree = "<group>"; };
		BFF5F7C72884BAB0000E2D8F /* OfficialPosterViewController.swift */ = {isa = PBXFileReference; lastKnownFileType = sourcecode.swift; path = OfficialPosterViewController.swift; sourceTree = "<group>"; };
		BFF5F7C92885A94A000E2D8F /* SeeAllViewController.swift */ = {isa = PBXFileReference; lastKnownFileType = sourcecode.swift; path = SeeAllViewController.swift; sourceTree = "<group>"; };
		BFF5F7CE2885CA9D000E2D8F /* SeeAllViewController+UITableViewDelegate.swift */ = {isa = PBXFileReference; lastKnownFileType = sourcecode.swift; path = "SeeAllViewController+UITableViewDelegate.swift"; sourceTree = "<group>"; };
		BFF5F7D02885CAC1000E2D8F /* SeeAllViewController+UITableViewDataSource.swift */ = {isa = PBXFileReference; lastKnownFileType = sourcecode.swift; path = "SeeAllViewController+UITableViewDataSource.swift"; sourceTree = "<group>"; };
		BFF5F7D22885CBE3000E2D8F /* SeeAllCell.swift */ = {isa = PBXFileReference; lastKnownFileType = sourcecode.swift; path = SeeAllCell.swift; sourceTree = "<group>"; };
		BFF5F7D72885E1FF000E2D8F /* TrendingViewController.swift */ = {isa = PBXFileReference; lastKnownFileType = sourcecode.swift; path = TrendingViewController.swift; sourceTree = "<group>"; };
		BFF5F7D92885E4A8000E2D8F /* TrendingCell.swift */ = {isa = PBXFileReference; lastKnownFileType = sourcecode.swift; path = TrendingCell.swift; sourceTree = "<group>"; };
		BFF5F7DB2885E7EC000E2D8F /* TrendingViewController+UITableViewDelegate.swift */ = {isa = PBXFileReference; lastKnownFileType = sourcecode.swift; path = "TrendingViewController+UITableViewDelegate.swift"; sourceTree = "<group>"; };
		BFF5F7DD2885E804000E2D8F /* TrendingViewController+UITableViewDataSource.swift */ = {isa = PBXFileReference; lastKnownFileType = sourcecode.swift; path = "TrendingViewController+UITableViewDataSource.swift"; sourceTree = "<group>"; };
		BFF5F7DF2885EE4C000E2D8F /* SearchCell.swift */ = {isa = PBXFileReference; lastKnownFileType = sourcecode.swift; path = SearchCell.swift; sourceTree = "<group>"; };
		BFF5F7E22885EEF6000E2D8F /* SearchViewController.swift */ = {isa = PBXFileReference; lastKnownFileType = sourcecode.swift; path = SearchViewController.swift; sourceTree = "<group>"; };
		BFF5F7E42885F1B6000E2D8F /* SearchViewController+UITableViewDelegate.swift */ = {isa = PBXFileReference; lastKnownFileType = sourcecode.swift; path = "SearchViewController+UITableViewDelegate.swift"; sourceTree = "<group>"; };
		BFF5F7E62885F208000E2D8F /* SearchViewController+UITableViewDataSource.swift */ = {isa = PBXFileReference; lastKnownFileType = sourcecode.swift; path = "SearchViewController+UITableViewDataSource.swift"; sourceTree = "<group>"; };
		BFF5F7E82885FBE5000E2D8F /* SearchViewController+UISearchBarDelegate.swift */ = {isa = PBXFileReference; lastKnownFileType = sourcecode.swift; path = "SearchViewController+UISearchBarDelegate.swift"; sourceTree = "<group>"; };
/* End PBXFileReference section */

/* Begin PBXFrameworksBuildPhase section */
		BFF5F78328737770000E2D8F /* Frameworks */ = {
			isa = PBXFrameworksBuildPhase;
			buildActionMask = 2147483647;
			files = (
			);
			runOnlyForDeploymentPostprocessing = 0;
		};
/* End PBXFrameworksBuildPhase section */

/* Begin PBXGroup section */
		BFF5F77D28737770000E2D8F = {
			isa = PBXGroup;
			children = (
				BFF5F78828737770000E2D8F /* testando */,
				BFF5F78728737770000E2D8F /* Products */,
			);
			sourceTree = "<group>";
		};
		BFF5F78728737770000E2D8F /* Products */ = {
			isa = PBXGroup;
			children = (
				BFF5F78628737770000E2D8F /* testando.app */,
			);
			name = Products;
			sourceTree = "<group>";
		};
		BFF5F78828737770000E2D8F /* testando */ = {
			isa = PBXGroup;
			children = (
				BFF5F7AD287760BA000E2D8F /* Extensions */,
				BFF5F7A628773233000E2D8F /* View */,
				BFF5F79E287730ED000E2D8F /* Model */,
				BFF5F79D287730B1000E2D8F /* Controllers */,
				BFF5F78928737770000E2D8F /* AppDelegate.swift */,
				BFF5F78B28737770000E2D8F /* SceneDelegate.swift */,
				BFF5F7B0287C9ED8000E2D8F /* SupportingFiles */,
			);
			path = testando;
			sourceTree = "<group>";
		};
		BFF5F79D287730B1000E2D8F /* Controllers */ = {
			isa = PBXGroup;
			children = (
				BFF5F7E12885EED1000E2D8F /* SearchViewController */,
				BFF5F7D42885E1AE000E2D8F /* TrendingViewController */,
				BFF5F7CC2885AA12000E2D8F /* FeaturedViewController */,
				BFF5F7BD287F3F01000E2D8F /* DetailsViewController.swift */,
				BFF5F7C72884BAB0000E2D8F /* OfficialPosterViewController.swift */,
				BFF5F7CD2885CA42000E2D8F /* SeeAllViewController */,
			);
			path = Controllers;
			sourceTree = "<group>";
		};
		BFF5F79E287730ED000E2D8F /* Model */ = {
			isa = PBXGroup;
			children = (
				BFF5F7C32881EC5E000E2D8F /* Movie+API.swift */,
				BFF5F7A228773166000E2D8F /* Movie.swift */,
				BFF5F7A4287731D2000E2D8F /* Collections.swift */,
				BFF5F7C52881F8D6000E2D8F /* MoviesResponse.swift */,
			);
			path = Model;
			sourceTree = "<group>";
		};
		BFF5F7A628773233000E2D8F /* View */ = {
			isa = PBXGroup;
			children = (
				BFF5F7A72877325A000E2D8F /* UpcomingCell.swift */,
				BFF5F7A928773265000E2D8F /* PopularCell.swift */,
				BFF5F7AB28773271000E2D8F /* NowPlayingCell.swift */,
				BFF5F78F28737770000E2D8F /* Main.storyboard */,
				BFF5F79428737771000E2D8F /* LaunchScreen.storyboard */,
				BFF5F7D22885CBE3000E2D8F /* SeeAllCell.swift */,
				BFF5F7D92885E4A8000E2D8F /* TrendingCell.swift */,
				BFF5F7DF2885EE4C000E2D8F /* SearchCell.swift */,
			);
			path = View;
			sourceTree = "<group>";
		};
		BFF5F7AD287760BA000E2D8F /* Extensions */ = {
			isa = PBXGroup;
			children = (
				BFF5F7AE287760CC000E2D8F /* Image.swift */,
			);
			path = Extensions;
			sourceTree = "<group>";
		};
		BFF5F7B0287C9ED8000E2D8F /* SupportingFiles */ = {
			isa = PBXGroup;
			children = (
				BFF5F79228737771000E2D8F /* Assets.xcassets */,
				BFF5F79728737771000E2D8F /* Info.plist */,
				BFF5F7C12881E78E000E2D8F /* TMDB-Info.plist */,
			);
			name = SupportingFiles;
			sourceTree = "<group>";
		};
		BFF5F7CC2885AA12000E2D8F /* FeaturedViewController */ = {
			isa = PBXGroup;
			children = (
				BFF5F78D28737770000E2D8F /* FeaturedViewController.swift */,
				BFF5F7BB287E144A000E2D8F /* FeaturedViewController+UICollectionViewDataSource.swift */,
				BFF5F7BF287F47E5000E2D8F /* FeaturedViewController+UICollectionViewDelegate.swift */,
			);
			path = FeaturedViewController;
			sourceTree = "<group>";
		};
		BFF5F7CD2885CA42000E2D8F /* SeeAllViewController */ = {
			isa = PBXGroup;
			children = (
				BFF5F7C92885A94A000E2D8F /* SeeAllViewController.swift */,
				BFF5F7CE2885CA9D000E2D8F /* SeeAllViewController+UITableViewDelegate.swift */,
				BFF5F7D02885CAC1000E2D8F /* SeeAllViewController+UITableViewDataSource.swift */,
			);
			path = SeeAllViewController;
			sourceTree = "<group>";
		};
		BFF5F7D42885E1AE000E2D8F /* TrendingViewController */ = {
			isa = PBXGroup;
			children = (
				BFF5F7D72885E1FF000E2D8F /* TrendingViewController.swift */,
				BFF5F7DB2885E7EC000E2D8F /* TrendingViewController+UITableViewDelegate.swift */,
				BFF5F7DD2885E804000E2D8F /* TrendingViewController+UITableViewDataSource.swift */,
			);
			path = TrendingViewController;
			sourceTree = "<group>";
		};
		BFF5F7E12885EED1000E2D8F /* SearchViewController */ = {
			isa = PBXGroup;
			children = (
				BFF5F7E22885EEF6000E2D8F /* SearchViewController.swift */,
				BFF5F7E42885F1B6000E2D8F /* SearchViewController+UITableViewDelegate.swift */,
				BFF5F7E62885F208000E2D8F /* SearchViewController+UITableViewDataSource.swift */,
				BFF5F7E82885FBE5000E2D8F /* SearchViewController+UISearchBarDelegate.swift */,
			);
			path = SearchViewController;
			sourceTree = "<group>";
		};
/* End PBXGroup section */

/* Begin PBXNativeTarget section */
		BFF5F78528737770000E2D8F /* testando */ = {
			isa = PBXNativeTarget;
			buildConfigurationList = BFF5F79A28737771000E2D8F /* Build configuration list for PBXNativeTarget "testando" */;
			buildPhases = (
				BFF5F78228737770000E2D8F /* Sources */,
				BFF5F78328737770000E2D8F /* Frameworks */,
				BFF5F78428737770000E2D8F /* Resources */,
			);
			buildRules = (
			);
			dependencies = (
			);
			name = testando;
			productName = testando;
			productReference = BFF5F78628737770000E2D8F /* testando.app */;
			productType = "com.apple.product-type.application";
		};
/* End PBXNativeTarget section */

/* Begin PBXProject section */
		BFF5F77E28737770000E2D8F /* Project object */ = {
			isa = PBXProject;
			attributes = {
				BuildIndependentTargetsInParallel = 1;
				LastSwiftUpdateCheck = 1320;
				LastUpgradeCheck = 1320;
				TargetAttributes = {
					BFF5F78528737770000E2D8F = {
						CreatedOnToolsVersion = 13.2.1;
					};
				};
			};
			buildConfigurationList = BFF5F78128737770000E2D8F /* Build configuration list for PBXProject "testando" */;
			compatibilityVersion = "Xcode 13.0";
			developmentRegion = en;
			hasScannedForEncodings = 0;
			knownRegions = (
				en,
				Base,
			);
			mainGroup = BFF5F77D28737770000E2D8F;
			productRefGroup = BFF5F78728737770000E2D8F /* Products */;
			projectDirPath = "";
			projectRoot = "";
			targets = (
				BFF5F78528737770000E2D8F /* testando */,
			);
		};
/* End PBXProject section */

/* Begin PBXResourcesBuildPhase section */
		BFF5F78428737770000E2D8F /* Resources */ = {
			isa = PBXResourcesBuildPhase;
			buildActionMask = 2147483647;
			files = (
				BFF5F79628737771000E2D8F /* LaunchScreen.storyboard in Resources */,
				BFF5F7C22881E78E000E2D8F /* TMDB-Info.plist in Resources */,
				BFF5F79328737771000E2D8F /* Assets.xcassets in Resources */,
				BFF5F79128737770000E2D8F /* Main.storyboard in Resources */,
			);
			runOnlyForDeploymentPostprocessing = 0;
		};
/* End PBXResourcesBuildPhase section */

/* Begin PBXSourcesBuildPhase section */
		BFF5F78228737770000E2D8F /* Sources */ = {
			isa = PBXSourcesBuildPhase;
			buildActionMask = 2147483647;
			files = (
				BFF5F7E32885EEF6000E2D8F /* SearchViewController.swift in Sources */,
				BFF5F78E28737770000E2D8F /* FeaturedViewController.swift in Sources */,
				BFF5F7D32885CBE3000E2D8F /* SeeAllCell.swift in Sources */,
				BFF5F7AF287760CC000E2D8F /* Image.swift in Sources */,
				BFF5F7C82884BAB0000E2D8F /* OfficialPosterViewController.swift in Sources */,
				BFF5F7A82877325A000E2D8F /* UpcomingCell.swift in Sources */,
				BFF5F7C62881F8D6000E2D8F /* MoviesResponse.swift in Sources */,
				BFF5F7D82885E1FF000E2D8F /* TrendingViewController.swift in Sources */,
				BFF5F7CA2885A94A000E2D8F /* SeeAllViewController.swift in Sources */,
				BFF5F7E02885EE4C000E2D8F /* SearchCell.swift in Sources */,
				BFF5F7BC287E144A000E2D8F /* FeaturedViewController+UICollectionViewDataSource.swift in Sources */,
				BFF5F7CF2885CA9D000E2D8F /* SeeAllViewController+UITableViewDelegate.swift in Sources */,
				BFF5F78A28737770000E2D8F /* AppDelegate.swift in Sources */,
				BFF5F7DC2885E7EC000E2D8F /* TrendingViewController+UITableViewDelegate.swift in Sources */,
				BFF5F78C28737770000E2D8F /* SceneDelegate.swift in Sources */,
				BFF5F7C0287F47E5000E2D8F /* FeaturedViewController+UICollectionViewDelegate.swift in Sources */,
				BFF5F7DE2885E804000E2D8F /* TrendingViewController+UITableViewDataSource.swift in Sources */,
				BFF5F7C42881EC5E000E2D8F /* Movie+API.swift in Sources */,
				BFF5F7D12885CAC1000E2D8F /* SeeAllViewController+UITableViewDataSource.swift in Sources */,
				BFF5F7E72885F208000E2D8F /* SearchViewController+UITableViewDataSource.swift in Sources */,
				BFF5F7E52885F1B6000E2D8F /* SearchViewController+UITableViewDelegate.swift in Sources */,
				BFF5F7A328773166000E2D8F /* Movie.swift in Sources */,
				BFF5F7BE287F3F01000E2D8F /* DetailsViewController.swift in Sources */,
				BFF5F7A5287731D2000E2D8F /* Collections.swift in Sources */,
				BFF5F7AA28773265000E2D8F /* PopularCell.swift in Sources */,
				BFF5F7E92885FBE5000E2D8F /* SearchViewController+UISearchBarDelegate.swift in Sources */,
				BFF5F7DA2885E4A8000E2D8F /* TrendingCell.swift in Sources */,
				BFF5F7AC28773271000E2D8F /* NowPlayingCell.swift in Sources */,
			);
			runOnlyForDeploymentPostprocessing = 0;
		};
/* End PBXSourcesBuildPhase section */

/* Begin PBXVariantGroup section */
		BFF5F78F28737770000E2D8F /* Main.storyboard */ = {
			isa = PBXVariantGroup;
			children = (
				BFF5F79028737770000E2D8F /* Base */,
			);
			name = Main.storyboard;
			sourceTree = "<group>";
		};
		BFF5F79428737771000E2D8F /* LaunchScreen.storyboard */ = {
			isa = PBXVariantGroup;
			children = (
				BFF5F79528737771000E2D8F /* Base */,
			);
			name = LaunchScreen.storyboard;
			sourceTree = "<group>";
		};
/* End PBXVariantGroup section */

/* Begin XCBuildConfiguration section */
		BFF5F79828737771000E2D8F /* Debug */ = {
			isa = XCBuildConfiguration;
			buildSettings = {
				ALWAYS_SEARCH_USER_PATHS = NO;
				CLANG_ANALYZER_NONNULL = YES;
				CLANG_ANALYZER_NUMBER_OBJECT_CONVERSION = YES_AGGRESSIVE;
				CLANG_CXX_LANGUAGE_STANDARD = "gnu++17";
				CLANG_CXX_LIBRARY = "libc++";
				CLANG_ENABLE_MODULES = YES;
				CLANG_ENABLE_OBJC_ARC = YES;
				CLANG_ENABLE_OBJC_WEAK = YES;
				CLANG_WARN_BLOCK_CAPTURE_AUTORELEASING = YES;
				CLANG_WARN_BOOL_CONVERSION = YES;
				CLANG_WARN_COMMA = YES;
				CLANG_WARN_CONSTANT_CONVERSION = YES;
				CLANG_WARN_DEPRECATED_OBJC_IMPLEMENTATIONS = YES;
				CLANG_WARN_DIRECT_OBJC_ISA_USAGE = YES_ERROR;
				CLANG_WARN_DOCUMENTATION_COMMENTS = YES;
				CLANG_WARN_EMPTY_BODY = YES;
				CLANG_WARN_ENUM_CONVERSION = YES;
				CLANG_WARN_INFINITE_RECURSION = YES;
				CLANG_WARN_INT_CONVERSION = YES;
				CLANG_WARN_NON_LITERAL_NULL_CONVERSION = YES;
				CLANG_WARN_OBJC_IMPLICIT_RETAIN_SELF = YES;
				CLANG_WARN_OBJC_LITERAL_CONVERSION = YES;
				CLANG_WARN_OBJC_ROOT_CLASS = YES_ERROR;
				CLANG_WARN_QUOTED_INCLUDE_IN_FRAMEWORK_HEADER = YES;
				CLANG_WARN_RANGE_LOOP_ANALYSIS = YES;
				CLANG_WARN_STRICT_PROTOTYPES = YES;
				CLANG_WARN_SUSPICIOUS_MOVE = YES;
				CLANG_WARN_UNGUARDED_AVAILABILITY = YES_AGGRESSIVE;
				CLANG_WARN_UNREACHABLE_CODE = YES;
				CLANG_WARN__DUPLICATE_METHOD_MATCH = YES;
				COPY_PHASE_STRIP = NO;
				DEBUG_INFORMATION_FORMAT = dwarf;
				ENABLE_STRICT_OBJC_MSGSEND = YES;
				ENABLE_TESTABILITY = YES;
				GCC_C_LANGUAGE_STANDARD = gnu11;
				GCC_DYNAMIC_NO_PIC = NO;
				GCC_NO_COMMON_BLOCKS = YES;
				GCC_OPTIMIZATION_LEVEL = 0;
				GCC_PREPROCESSOR_DEFINITIONS = (
					"DEBUG=1",
					"$(inherited)",
				);
				GCC_WARN_64_TO_32_BIT_CONVERSION = YES;
				GCC_WARN_ABOUT_RETURN_TYPE = YES_ERROR;
				GCC_WARN_UNDECLARED_SELECTOR = YES;
				GCC_WARN_UNINITIALIZED_AUTOS = YES_AGGRESSIVE;
				GCC_WARN_UNUSED_FUNCTION = YES;
				GCC_WARN_UNUSED_VARIABLE = YES;
				IPHONEOS_DEPLOYMENT_TARGET = 15.2;
				MTL_ENABLE_DEBUG_INFO = INCLUDE_SOURCE;
				MTL_FAST_MATH = YES;
				ONLY_ACTIVE_ARCH = YES;
				SDKROOT = iphoneos;
				SWIFT_ACTIVE_COMPILATION_CONDITIONS = DEBUG;
				SWIFT_OPTIMIZATION_LEVEL = "-Onone";
			};
			name = Debug;
		};
		BFF5F79928737771000E2D8F /* Release */ = {
			isa = XCBuildConfiguration;
			buildSettings = {
				ALWAYS_SEARCH_USER_PATHS = NO;
				CLANG_ANALYZER_NONNULL = YES;
				CLANG_ANALYZER_NUMBER_OBJECT_CONVERSION = YES_AGGRESSIVE;
				CLANG_CXX_LANGUAGE_STANDARD = "gnu++17";
				CLANG_CXX_LIBRARY = "libc++";
				CLANG_ENABLE_MODULES = YES;
				CLANG_ENABLE_OBJC_ARC = YES;
				CLANG_ENABLE_OBJC_WEAK = YES;
				CLANG_WARN_BLOCK_CAPTURE_AUTORELEASING = YES;
				CLANG_WARN_BOOL_CONVERSION = YES;
				CLANG_WARN_COMMA = YES;
				CLANG_WARN_CONSTANT_CONVERSION = YES;
				CLANG_WARN_DEPRECATED_OBJC_IMPLEMENTATIONS = YES;
				CLANG_WARN_DIRECT_OBJC_ISA_USAGE = YES_ERROR;
				CLANG_WARN_DOCUMENTATION_COMMENTS = YES;
				CLANG_WARN_EMPTY_BODY = YES;
				CLANG_WARN_ENUM_CONVERSION = YES;
				CLANG_WARN_INFINITE_RECURSION = YES;
				CLANG_WARN_INT_CONVERSION = YES;
				CLANG_WARN_NON_LITERAL_NULL_CONVERSION = YES;
				CLANG_WARN_OBJC_IMPLICIT_RETAIN_SELF = YES;
				CLANG_WARN_OBJC_LITERAL_CONVERSION = YES;
				CLANG_WARN_OBJC_ROOT_CLASS = YES_ERROR;
				CLANG_WARN_QUOTED_INCLUDE_IN_FRAMEWORK_HEADER = YES;
				CLANG_WARN_RANGE_LOOP_ANALYSIS = YES;
				CLANG_WARN_STRICT_PROTOTYPES = YES;
				CLANG_WARN_SUSPICIOUS_MOVE = YES;
				CLANG_WARN_UNGUARDED_AVAILABILITY = YES_AGGRESSIVE;
				CLANG_WARN_UNREACHABLE_CODE = YES;
				CLANG_WARN__DUPLICATE_METHOD_MATCH = YES;
				COPY_PHASE_STRIP = NO;
				DEBUG_INFORMATION_FORMAT = "dwarf-with-dsym";
				ENABLE_NS_ASSERTIONS = NO;
				ENABLE_STRICT_OBJC_MSGSEND = YES;
				GCC_C_LANGUAGE_STANDARD = gnu11;
				GCC_NO_COMMON_BLOCKS = YES;
				GCC_WARN_64_TO_32_BIT_CONVERSION = YES;
				GCC_WARN_ABOUT_RETURN_TYPE = YES_ERROR;
				GCC_WARN_UNDECLARED_SELECTOR = YES;
				GCC_WARN_UNINITIALIZED_AUTOS = YES_AGGRESSIVE;
				GCC_WARN_UNUSED_FUNCTION = YES;
				GCC_WARN_UNUSED_VARIABLE = YES;
				IPHONEOS_DEPLOYMENT_TARGET = 15.2;
				MTL_ENABLE_DEBUG_INFO = NO;
				MTL_FAST_MATH = YES;
				SDKROOT = iphoneos;
				SWIFT_COMPILATION_MODE = wholemodule;
				SWIFT_OPTIMIZATION_LEVEL = "-O";
				VALIDATE_PRODUCT = YES;
			};
			name = Release;
		};
		BFF5F79B28737771000E2D8F /* Debug */ = {
			isa = XCBuildConfiguration;
			buildSettings = {
				ASSETCATALOG_COMPILER_APPICON_NAME = AppIcon;
				ASSETCATALOG_COMPILER_GLOBAL_ACCENT_COLOR_NAME = AccentColor;
				CODE_SIGN_STYLE = Automatic;
				CURRENT_PROJECT_VERSION = 1;
				GENERATE_INFOPLIST_FILE = YES;
				INFOPLIST_FILE = testando/Info.plist;
				INFOPLIST_KEY_UIApplicationSupportsIndirectInputEvents = YES;
				INFOPLIST_KEY_UILaunchStoryboardName = LaunchScreen;
				INFOPLIST_KEY_UIMainStoryboardFile = Main;
				INFOPLIST_KEY_UISupportedInterfaceOrientations_iPad = "UIInterfaceOrientationPortrait UIInterfaceOrientationPortraitUpsideDown UIInterfaceOrientationLandscapeLeft UIInterfaceOrientationLandscapeRight";
				INFOPLIST_KEY_UISupportedInterfaceOrientations_iPhone = "UIInterfaceOrientationPortrait UIInterfaceOrientationLandscapeLeft UIInterfaceOrientationLandscapeRight";
				LD_RUNPATH_SEARCH_PATHS = (
					"$(inherited)",
					"@executable_path/Frameworks",
				);
				MARKETING_VERSION = 1.0;
				PRODUCT_BUNDLE_IDENTIFIER = academy.s.testando;
				PRODUCT_NAME = "$(TARGET_NAME)";
				SWIFT_EMIT_LOC_STRINGS = YES;
				SWIFT_VERSION = 5.0;
				TARGETED_DEVICE_FAMILY = "1,2";
			};
			name = Debug;
		};
		BFF5F79C28737771000E2D8F /* Release */ = {
			isa = XCBuildConfiguration;
			buildSettings = {
				ASSETCATALOG_COMPILER_APPICON_NAME = AppIcon;
				ASSETCATALOG_COMPILER_GLOBAL_ACCENT_COLOR_NAME = AccentColor;
				CODE_SIGN_STYLE = Automatic;
				CURRENT_PROJECT_VERSION = 1;
				GENERATE_INFOPLIST_FILE = YES;
				INFOPLIST_FILE = testando/Info.plist;
				INFOPLIST_KEY_UIApplicationSupportsIndirectInputEvents = YES;
				INFOPLIST_KEY_UILaunchStoryboardName = LaunchScreen;
				INFOPLIST_KEY_UIMainStoryboardFile = Main;
				INFOPLIST_KEY_UISupportedInterfaceOrientations_iPad = "UIInterfaceOrientationPortrait UIInterfaceOrientationPortraitUpsideDown UIInterfaceOrientationLandscapeLeft UIInterfaceOrientationLandscapeRight";
				INFOPLIST_KEY_UISupportedInterfaceOrientations_iPhone = "UIInterfaceOrientationPortrait UIInterfaceOrientationLandscapeLeft UIInterfaceOrientationLandscapeRight";
				LD_RUNPATH_SEARCH_PATHS = (
					"$(inherited)",
					"@executable_path/Frameworks",
				);
				MARKETING_VERSION = 1.0;
				PRODUCT_BUNDLE_IDENTIFIER = academy.s.testando;
				PRODUCT_NAME = "$(TARGET_NAME)";
				SWIFT_EMIT_LOC_STRINGS = YES;
				SWIFT_VERSION = 5.0;
				TARGETED_DEVICE_FAMILY = "1,2";
			};
			name = Release;
		};
/* End XCBuildConfiguration section */

/* Begin XCConfigurationList section */
		BFF5F78128737770000E2D8F /* Build configuration list for PBXProject "testando" */ = {
			isa = XCConfigurationList;
			buildConfigurations = (
				BFF5F79828737771000E2D8F /* Debug */,
				BFF5F79928737771000E2D8F /* Release */,
			);
			defaultConfigurationIsVisible = 0;
			defaultConfigurationName = Release;
		};
		BFF5F79A28737771000E2D8F /* Build configuration list for PBXNativeTarget "testando" */ = {
			isa = XCConfigurationList;
			buildConfigurations = (
				BFF5F79B28737771000E2D8F /* Debug */,
				BFF5F79C28737771000E2D8F /* Release */,
			);
			defaultConfigurationIsVisible = 0;
			defaultConfigurationName = Release;
		};
/* End XCConfigurationList section */
	};
	rootObject = BFF5F77E28737770000E2D8F /* Project object */;
}
